
Microsoft Visual Studio Solution File, Format Version 12.00
# Visual Studio Version 16
VisualStudioVersion = 16.0.28729.10
MinimumVisualStudioVersion = 10.0.40219.1
Project("{2150E333-8FDC-42A3-9474-1A3956D46DE8}") = "ABP", "ABP", "{3DBB7057-9E65-4E6A-8701-D0AB141FA7EF}"
EndProject
Project("{2150E333-8FDC-42A3-9474-1A3956D46DE8}") = "necoretest", "necoretest", "{E42844FB-EA8B-4CE5-8ED4-6C61AFF17F4D}"
EndProject
Project("{9A19103F-16F7-4668-BE54-9A1E7A4F7556}") = "netcoreweb1", "netcoretest\netcoreweb1\netcoreweb1.csproj", "{1FF6413F-4AD4-43E5-B083-9854B47AB71B}"
EndProject
Project("{9A19103F-16F7-4668-BE54-9A1E7A4F7556}") = "WebHostConfiguration", "netcoretest\WebHostConfiguration\WebHostConfiguration.csproj", "{CF88C3A8-2238-47DE-87EE-E0E0C22A6E15}"
EndProject
Project("{9A19103F-16F7-4668-BE54-9A1E7A4F7556}") = "MiddleWareDemo", "MiddlWare\MiddleWareDemo\MiddleWareDemo.csproj", "{D05D5E63-ED98-4033-B2E8-EA6958B2EB99}"
EndProject
Project("{2150E333-8FDC-42A3-9474-1A3956D46DE8}") = "NewsPublish", "NewsPublish", "{F157CCCB-09E0-4A52-8B35-40FC9BB72F1C}"
EndProject
Project("{9A19103F-16F7-4668-BE54-9A1E7A4F7556}") = "NewsPublish.Web", "NewsPublish\NewsPublish.Web\NewsPublish.Web.csproj", "{27C8B1CA-BD04-4579-B35B-CF6AC6DC1E97}"
EndProject
Project("{9A19103F-16F7-4668-BE54-9A1E7A4F7556}") = "NewsPublish.Model", "NewsPublish\NewsPublish.Model\NewsPublish.Model.csproj", "{18422135-F341-4364-8E4E-174EFD034886}"
EndProject
Project("{9A19103F-16F7-4668-BE54-9A1E7A4F7556}") = "NewsPublish.Service", "NewsPublish\NewsPublish.Service\NewsPublish.Service.csproj", "{FCA16E28-7F95-433F-942B-A66442206FAD}"
EndProject
Project("{2150E333-8FDC-42A3-9474-1A3956D46DE8}") = "logger", "logger", "{89EAAEEB-88B2-4C43-8687-9C226D3864E2}"
EndProject
Project("{9A19103F-16F7-4668-BE54-9A1E7A4F7556}") = "LoggerTwo", "logger\LoggerTwo\LoggerTwo.csproj", "{02930FAC-D6E3-4C90-AD85-9E80275647DE}"
EndProject
Project("{9A19103F-16F7-4668-BE54-9A1E7A4F7556}") = "ConsoleLogger", "logger\ConsoleLogger\ConsoleLogger.csproj", "{A001E0E9-123E-4FAF-8EE0-8AA3CB42F6CE}"
EndProject
Project("{9A19103F-16F7-4668-BE54-9A1E7A4F7556}") = "SignalrServer", "logger\SignalrServer\SignalrServer.csproj", "{8CDE44B2-B43C-4269-A025-4605C76C1993}"
EndProject
Project("{FAE04EC0-301F-11D3-BF4B-00C04F79EFBC}") = "SignalRLoggerSample", "logger\SignalRLoggerSample\SignalRLoggerSample.csproj", "{BC33245F-929E-4B6F-835B-AAF3109E244E}"
EndProject
Project("{9A19103F-16F7-4668-BE54-9A1E7A4F7556}") = "NLogger", "logger\NLogger\NLogger.csproj", "{C04EE137-1D2E-4433-9A76-4E2716D16909}"
EndProject
Project("{2150E333-8FDC-42A3-9474-1A3956D46DE8}") = "认证", "认证", "{6165207A-ADED-4926-9875-1F2767C83CA1}"
EndProject
Project("{FAE04EC0-301F-11D3-BF4B-00C04F79EFBC}") = "AuthorizeAuthen", "Authorize\AuthorizeAuthen\AuthorizeAuthen.csproj", "{6F07F6B9-24F9-4F2F-AE7B-D69AFE0F626E}"
EndProject
Project("{9A19103F-16F7-4668-BE54-9A1E7A4F7556}") = "APIAuthorizeAuthen", "Authorize\APIAuthorizeAuthen\APIAuthorizeAuthen.csproj", "{EE700130-F0CC-4E87-AC93-D1D93B2E8F00}"
EndProject
Project("{9A19103F-16F7-4668-BE54-9A1E7A4F7556}") = "IdentityServerCenter", "Authorize\IdentityServerCenter\IdentityServerCenter.csproj", "{3662C0C9-A3AF-4B99-A349-3C4433BCD1EF}"
EndProject
Project("{2150E333-8FDC-42A3-9474-1A3956D46DE8}") = "RPC", "RPC", "{0FD2EF4B-D69C-4B3F-A406-B448F3261EE8}"
EndProject
Project("{FAE04EC0-301F-11D3-BF4B-00C04F79EFBC}") = "RPC调用", "RPC\RPC调用\RPC调用.csproj", "{9308E3D8-5B37-482C-A46D-A65BDBB8F32A}"
EndProject
Project("{9A19103F-16F7-4668-BE54-9A1E7A4F7556}") = "ClientCredentialApi", "Authorize\ClientCredentialApi\ClientCredentialApi.csproj", "{D5FC6DDB-EF7E-45C5-BB01-FC0ACFEBA4F4}"
EndProject
Project("{9A19103F-16F7-4668-BE54-9A1E7A4F7556}") = "ConsoleAuthorizeTest", "Authorize\ConsoleAuthorizeTest\ConsoleAuthorizeTest.csproj", "{155F9D4C-7692-4B70-8ACF-804A2F4E7C37}"
EndProject
Project("{2150E333-8FDC-42A3-9474-1A3956D46DE8}") = "分布式开发", "分布式开发", "{864AEC74-450D-4A95-9A53-8C5B47BAA2FD}"
EndProject
Project("{2150E333-8FDC-42A3-9474-1A3956D46DE8}") = "vs2019", "vs2019", "{59B9A3A0-E1D0-4E4F-B603-08D10188F961}"
EndProject
Project("{9A19103F-16F7-4668-BE54-9A1E7A4F7556}") = "WebApp1", "..\vs2019\WebApp1\WebApp1.csproj", "{93621264-32D8-4658-A945-DD37B10374CE}"
EndProject
Project("{2150E333-8FDC-42A3-9474-1A3956D46DE8}") = "我的电话簿", "我的电话簿", "{B6F80A3A-7730-4A3D-9195-8FBEBDE7E00D}"
EndProject
Project("{2150E333-8FDC-42A3-9474-1A3956D46DE8}") = "Demo", "Demo", "{1C9B1099-3099-4A93-A2CF-5D4AECF42D75}"
EndProject
Project("{2150E333-8FDC-42A3-9474-1A3956D46DE8}") = "src", "src", "{AFAA0841-BD93-466F-B8F4-FB4EEC86F1FC}"
EndProject
Project("{2150E333-8FDC-42A3-9474-1A3956D46DE8}") = "test", "test", "{F10AA149-2626-486E-85BB-9CD5365F3016}"
EndProject
Project("{9A19103F-16F7-4668-BE54-9A1E7A4F7556}") = "MPACore.PhoneBook.Core", "ABP\MPACore.PhoneBook-master\MPACore.PhoneBook-master\aspnet-core\src\MPACore.PhoneBook.Core\MPACore.PhoneBook.Core.csproj", "{0FA75A5B-AB83-4FD0-B545-279774C01E87}"
EndProject
Project("{9A19103F-16F7-4668-BE54-9A1E7A4F7556}") = "MPACore.PhoneBook.Application", "ABP\MPACore.PhoneBook-master\MPACore.PhoneBook-master\aspnet-core\src\MPACore.PhoneBook.Application\MPACore.PhoneBook.Application.csproj", "{3870C648-4AEA-4B85-BA3F-F2F63B96136A}"
EndProject
Project("{9A19103F-16F7-4668-BE54-9A1E7A4F7556}") = "MPACore.PhoneBook.Tests", "ABP\MPACore.PhoneBook-master\MPACore.PhoneBook-master\aspnet-core\test\MPACore.PhoneBook.Tests\MPACore.PhoneBook.Tests.csproj", "{0D4C5D00-C144-4213-A007-4B8944113AB1}"
EndProject
Project("{9A19103F-16F7-4668-BE54-9A1E7A4F7556}") = "MPACore.PhoneBook.Migrator", "ABP\MPACore.PhoneBook-master\MPACore.PhoneBook-master\aspnet-core\src\MPACore.PhoneBook.Migrator\MPACore.PhoneBook.Migrator.csproj", "{880B3591-E057-46FE-B525-10BD83828B93}"
EndProject
Project("{9A19103F-16F7-4668-BE54-9A1E7A4F7556}") = "MPACore.PhoneBook.Web.Host", "ABP\MPACore.PhoneBook-master\MPACore.PhoneBook-master\aspnet-core\src\MPACore.PhoneBook.Web.Host\MPACore.PhoneBook.Web.Host.csproj", "{38E184BD-E874-4633-A947-AED4FDB73F40}"
EndProject
Project("{9A19103F-16F7-4668-BE54-9A1E7A4F7556}") = "MPACore.PhoneBook.Web.Core", "ABP\MPACore.PhoneBook-master\MPACore.PhoneBook-master\aspnet-core\src\MPACore.PhoneBook.Web.Core\MPACore.PhoneBook.Web.Core.csproj", "{22CFE0D2-8DCA-42D7-AD7D-784C3862493F}"
EndProject
Project("{9A19103F-16F7-4668-BE54-9A1E7A4F7556}") = "MPACore.PhoneBook.Web.Mvc", "ABP\MPACore.PhoneBook-master\MPACore.PhoneBook-master\aspnet-core\src\MPACore.PhoneBook.Web.Mvc\MPACore.PhoneBook.Web.Mvc.csproj", "{A2213374-BB48-48FD-BBD4-81E6A961D866}"
EndProject
Project("{9A19103F-16F7-4668-BE54-9A1E7A4F7556}") = "MPACore.PhoneBook.EntityFrameworkCore", "ABP\MPACore.PhoneBook-master\MPACore.PhoneBook-master\aspnet-core\src\MPACore.PhoneBook.EntityFrameworkCore\MPACore.PhoneBook.EntityFrameworkCore.csproj", "{E0580562-F8F2-4EBB-B07A-ABFC6F2C314F}"
EndProject
Project("{2150E333-8FDC-42A3-9474-1A3956D46DE8}") = "领域事件", "领域事件", "{10CCA3BB-661F-4EF1-A405-C2CAF9E601A1}"
EndProject
Project("{9A19103F-16F7-4668-BE54-9A1E7A4F7556}") = "DomainEventExample", "ABP\领域事件\DomainEventExample\DomainEventExample.csproj", "{993F1A2D-F81C-49FE-9313-81A9F4E18F75}"
EndProject
Project("{9A19103F-16F7-4668-BE54-9A1E7A4F7556}") = "DomainEventExample2", "ABP\领域事件\DomainEventExample2\DomainEventExample2.csproj", "{B3A9F8FF-F196-4B67-836C-940C39C535DC}"
EndProject
Project("{2150E333-8FDC-42A3-9474-1A3956D46DE8}") = "日志的使用", "日志的使用", "{9A95509A-587E-45A9-B51F-4642107EB7CF}"
EndProject
Project("{9A19103F-16F7-4668-BE54-9A1E7A4F7556}") = "Log4Net的使用", "..\vs2019\日志的使用\Log4Net的使用\Log4Net的使用.csproj", "{A98CD250-A664-4FE0-9EFB-7BCE00A35E6D}"
EndProject
Project("{2150E333-8FDC-42A3-9474-1A3956D46DE8}") = "EFCore", "EFCore", "{C00BAB00-8B71-4F5A-BEBF-77DD001E79E6}"
EndProject
Project("{9A19103F-16F7-4668-BE54-9A1E7A4F7556}") = "ContosoUniversity", "..\vs2019\EFCore\ContosoUniversity\ContosoUniversity.csproj", "{D8173234-2115-4B6C-8895-469750F6E090}"
EndProject
Project("{9A19103F-16F7-4668-BE54-9A1E7A4F7556}") = "NLog使用", "..\vs2019\日志的使用\NLog\NLog使用\NLog使用.csproj", "{DA0165A6-A69B-4884-A60A-51C2B5F1653D}"
EndProject
Project("{2150E333-8FDC-42A3-9474-1A3956D46DE8}") = "小团队构建大网站", "小团队构建大网站", "{46546242-F220-45C7-847B-866D5041B520}"
EndProject
Project("{FAE04EC0-301F-11D3-BF4B-00C04F79EFBC}") = "Quartz", "小团队构建大网站\Quartz\Quartz.csproj", "{9AA4567E-2FDB-47D0-93CD-BBD23D153EDA}"
EndProject
Project("{FAE04EC0-301F-11D3-BF4B-00C04F79EFBC}") = "Quartz配置", "小团队构建大网站\Quartz配置\Quartz配置.csproj", "{0D4ED22E-8951-47F7-A873-8AED42DA2127}"
EndProject
Project("{FAE04EC0-301F-11D3-BF4B-00C04F79EFBC}") = "内存诊断工具的使用", "小团队构建大网站\内存诊断工具的使用\内存诊断工具的使用.csproj", "{AC57DE02-DA0D-4E87-8CE9-DF53387CF9DA}"
EndProject
Project("{2150E333-8FDC-42A3-9474-1A3956D46DE8}") = "wcf", "wcf", "{EC4DA10F-4222-40AC-A35E-17097FFAC678}"
EndProject
Project("{2150E333-8FDC-42A3-9474-1A3956D46DE8}") = "wcf会话", "wcf会话", "{B21CE9CB-762B-4843-A6BE-7DBC24E0B695}"
EndProject
Project("{FAE04EC0-301F-11D3-BF4B-00C04F79EFBC}") = "WCFHost", "..\vs2019\wcf\wcf会话\WCFHost\WCFHost.csproj", "{021CDAF1-1CF5-46A9-A195-BB383300C1CF}"
EndProject
Project("{FAE04EC0-301F-11D3-BF4B-00C04F79EFBC}") = "WCFClient0427", "..\vs2019\wcf\wcf会话\WCFClient0427\WCFClient0427.csproj", "{57F7AF71-3BE0-4E82-AA7C-9D5659D01967}"
EndProject
Project("{FAE04EC0-301F-11D3-BF4B-00C04F79EFBC}") = "Contract0427", "..\vs2019\wcf\wcf会话\Contract0427\Contract0427.csproj", "{AF0E762F-A964-46EC-BE27-01FF39F76106}"
EndProject
Project("{2150E333-8FDC-42A3-9474-1A3956D46DE8}") = "wcf会话管理", "wcf会话管理", "{20FDC8F4-995E-4F10-811A-0B5C28B48411}"
EndProject
Project("{FAE04EC0-301F-11D3-BF4B-00C04F79EFBC}") = "SessionHost", "..\vs2019\wcf\wcf会话\wcf会话管理\SessionHost\SessionHost.csproj", "{7B5BA81E-3480-4483-886F-4367B06DA6AF}"
EndProject
Project("{FAE04EC0-301F-11D3-BF4B-00C04F79EFBC}") = "SessionContract", "..\vs2019\wcf\wcf会话\wcf会话管理\SessionContract\SessionContract.csproj", "{58DF67EB-F979-4C3E-B944-40D3BA6D04AB}"
EndProject
Project("{FAE04EC0-301F-11D3-BF4B-00C04F79EFBC}") = "SessionClient", "..\vs2019\wcf\wcf会话\wcf会话管理\SessionClient\SessionClient.csproj", "{5E0F44A1-F0FF-40BA-BD5E-AAA5E09DA09D}"
EndProject
Global
	GlobalSection(SolutionConfigurationPlatforms) = preSolution
		Debug|Any CPU = Debug|Any CPU
		Debug|x64 = Debug|x64
		Debug|x86 = Debug|x86
		Release|Any CPU = Release|Any CPU
		Release|x64 = Release|x64
		Release|x86 = Release|x86
	EndGlobalSection
	GlobalSection(ProjectConfigurationPlatforms) = postSolution
		{1FF6413F-4AD4-43E5-B083-9854B47AB71B}.Debug|Any CPU.ActiveCfg = Debug|Any CPU
		{1FF6413F-4AD4-43E5-B083-9854B47AB71B}.Debug|Any CPU.Build.0 = Debug|Any CPU
		{1FF6413F-4AD4-43E5-B083-9854B47AB71B}.Debug|x64.ActiveCfg = Debug|Any CPU
		{1FF6413F-4AD4-43E5-B083-9854B47AB71B}.Debug|x86.ActiveCfg = Debug|Any CPU
		{1FF6413F-4AD4-43E5-B083-9854B47AB71B}.Release|Any CPU.ActiveCfg = Release|Any CPU
		{1FF6413F-4AD4-43E5-B083-9854B47AB71B}.Release|Any CPU.Build.0 = Release|Any CPU
		{1FF6413F-4AD4-43E5-B083-9854B47AB71B}.Release|x64.ActiveCfg = Release|Any CPU
		{1FF6413F-4AD4-43E5-B083-9854B47AB71B}.Release|x86.ActiveCfg = Release|Any CPU
		{CF88C3A8-2238-47DE-87EE-E0E0C22A6E15}.Debug|Any CPU.ActiveCfg = Debug|Any CPU
		{CF88C3A8-2238-47DE-87EE-E0E0C22A6E15}.Debug|Any CPU.Build.0 = Debug|Any CPU
		{CF88C3A8-2238-47DE-87EE-E0E0C22A6E15}.Debug|x64.ActiveCfg = Debug|Any CPU
		{CF88C3A8-2238-47DE-87EE-E0E0C22A6E15}.Debug|x86.ActiveCfg = Debug|Any CPU
		{CF88C3A8-2238-47DE-87EE-E0E0C22A6E15}.Release|Any CPU.ActiveCfg = Release|Any CPU
		{CF88C3A8-2238-47DE-87EE-E0E0C22A6E15}.Release|Any CPU.Build.0 = Release|Any CPU
		{CF88C3A8-2238-47DE-87EE-E0E0C22A6E15}.Release|x64.ActiveCfg = Release|Any CPU
		{CF88C3A8-2238-47DE-87EE-E0E0C22A6E15}.Release|x86.ActiveCfg = Release|Any CPU
		{D05D5E63-ED98-4033-B2E8-EA6958B2EB99}.Debug|Any CPU.ActiveCfg = Debug|Any CPU
		{D05D5E63-ED98-4033-B2E8-EA6958B2EB99}.Debug|Any CPU.Build.0 = Debug|Any CPU
		{D05D5E63-ED98-4033-B2E8-EA6958B2EB99}.Debug|x64.ActiveCfg = Debug|Any CPU
		{D05D5E63-ED98-4033-B2E8-EA6958B2EB99}.Debug|x86.ActiveCfg = Debug|Any CPU
		{D05D5E63-ED98-4033-B2E8-EA6958B2EB99}.Release|Any CPU.ActiveCfg = Release|Any CPU
		{D05D5E63-ED98-4033-B2E8-EA6958B2EB99}.Release|Any CPU.Build.0 = Release|Any CPU
		{D05D5E63-ED98-4033-B2E8-EA6958B2EB99}.Release|x64.ActiveCfg = Release|Any CPU
		{D05D5E63-ED98-4033-B2E8-EA6958B2EB99}.Release|x86.ActiveCfg = Release|Any CPU
		{27C8B1CA-BD04-4579-B35B-CF6AC6DC1E97}.Debug|Any CPU.ActiveCfg = Debug|Any CPU
		{27C8B1CA-BD04-4579-B35B-CF6AC6DC1E97}.Debug|Any CPU.Build.0 = Debug|Any CPU
		{27C8B1CA-BD04-4579-B35B-CF6AC6DC1E97}.Debug|x64.ActiveCfg = Debug|Any CPU
		{27C8B1CA-BD04-4579-B35B-CF6AC6DC1E97}.Debug|x86.ActiveCfg = Debug|Any CPU
		{27C8B1CA-BD04-4579-B35B-CF6AC6DC1E97}.Release|Any CPU.ActiveCfg = Release|Any CPU
		{27C8B1CA-BD04-4579-B35B-CF6AC6DC1E97}.Release|Any CPU.Build.0 = Release|Any CPU
		{27C8B1CA-BD04-4579-B35B-CF6AC6DC1E97}.Release|x64.ActiveCfg = Release|Any CPU
		{27C8B1CA-BD04-4579-B35B-CF6AC6DC1E97}.Release|x86.ActiveCfg = Release|Any CPU
		{18422135-F341-4364-8E4E-174EFD034886}.Debug|Any CPU.ActiveCfg = Debug|Any CPU
		{18422135-F341-4364-8E4E-174EFD034886}.Debug|Any CPU.Build.0 = Debug|Any CPU
		{18422135-F341-4364-8E4E-174EFD034886}.Debug|x64.ActiveCfg = Debug|Any CPU
		{18422135-F341-4364-8E4E-174EFD034886}.Debug|x86.ActiveCfg = Debug|Any CPU
		{18422135-F341-4364-8E4E-174EFD034886}.Release|Any CPU.ActiveCfg = Release|Any CPU
		{18422135-F341-4364-8E4E-174EFD034886}.Release|Any CPU.Build.0 = Release|Any CPU
		{18422135-F341-4364-8E4E-174EFD034886}.Release|x64.ActiveCfg = Release|Any CPU
		{18422135-F341-4364-8E4E-174EFD034886}.Release|x86.ActiveCfg = Release|Any CPU
		{FCA16E28-7F95-433F-942B-A66442206FAD}.Debug|Any CPU.ActiveCfg = Debug|Any CPU
		{FCA16E28-7F95-433F-942B-A66442206FAD}.Debug|Any CPU.Build.0 = Debug|Any CPU
		{FCA16E28-7F95-433F-942B-A66442206FAD}.Debug|x64.ActiveCfg = Debug|Any CPU
		{FCA16E28-7F95-433F-942B-A66442206FAD}.Debug|x86.ActiveCfg = Debug|Any CPU
		{FCA16E28-7F95-433F-942B-A66442206FAD}.Release|Any CPU.ActiveCfg = Release|Any CPU
		{FCA16E28-7F95-433F-942B-A66442206FAD}.Release|Any CPU.Build.0 = Release|Any CPU
		{FCA16E28-7F95-433F-942B-A66442206FAD}.Release|x64.ActiveCfg = Release|Any CPU
		{FCA16E28-7F95-433F-942B-A66442206FAD}.Release|x86.ActiveCfg = Release|Any CPU
		{02930FAC-D6E3-4C90-AD85-9E80275647DE}.Debug|Any CPU.ActiveCfg = Debug|Any CPU
		{02930FAC-D6E3-4C90-AD85-9E80275647DE}.Debug|Any CPU.Build.0 = Debug|Any CPU
		{02930FAC-D6E3-4C90-AD85-9E80275647DE}.Debug|x64.ActiveCfg = Debug|Any CPU
		{02930FAC-D6E3-4C90-AD85-9E80275647DE}.Debug|x86.ActiveCfg = Debug|Any CPU
		{02930FAC-D6E3-4C90-AD85-9E80275647DE}.Release|Any CPU.ActiveCfg = Release|Any CPU
		{02930FAC-D6E3-4C90-AD85-9E80275647DE}.Release|Any CPU.Build.0 = Release|Any CPU
		{02930FAC-D6E3-4C90-AD85-9E80275647DE}.Release|x64.ActiveCfg = Release|Any CPU
		{02930FAC-D6E3-4C90-AD85-9E80275647DE}.Release|x86.ActiveCfg = Release|Any CPU
		{A001E0E9-123E-4FAF-8EE0-8AA3CB42F6CE}.Debug|Any CPU.ActiveCfg = Debug|Any CPU
		{A001E0E9-123E-4FAF-8EE0-8AA3CB42F6CE}.Debug|Any CPU.Build.0 = Debug|Any CPU
		{A001E0E9-123E-4FAF-8EE0-8AA3CB42F6CE}.Debug|x64.ActiveCfg = Debug|Any CPU
		{A001E0E9-123E-4FAF-8EE0-8AA3CB42F6CE}.Debug|x86.ActiveCfg = Debug|Any CPU
		{A001E0E9-123E-4FAF-8EE0-8AA3CB42F6CE}.Release|Any CPU.ActiveCfg = Release|Any CPU
		{A001E0E9-123E-4FAF-8EE0-8AA3CB42F6CE}.Release|Any CPU.Build.0 = Release|Any CPU
		{A001E0E9-123E-4FAF-8EE0-8AA3CB42F6CE}.Release|x64.ActiveCfg = Release|Any CPU
		{A001E0E9-123E-4FAF-8EE0-8AA3CB42F6CE}.Release|x86.ActiveCfg = Release|Any CPU
		{8CDE44B2-B43C-4269-A025-4605C76C1993}.Debug|Any CPU.ActiveCfg = Debug|Any CPU
		{8CDE44B2-B43C-4269-A025-4605C76C1993}.Debug|Any CPU.Build.0 = Debug|Any CPU
		{8CDE44B2-B43C-4269-A025-4605C76C1993}.Debug|x64.ActiveCfg = Debug|Any CPU
		{8CDE44B2-B43C-4269-A025-4605C76C1993}.Debug|x86.ActiveCfg = Debug|Any CPU
		{8CDE44B2-B43C-4269-A025-4605C76C1993}.Release|Any CPU.ActiveCfg = Release|Any CPU
		{8CDE44B2-B43C-4269-A025-4605C76C1993}.Release|Any CPU.Build.0 = Release|Any CPU
		{8CDE44B2-B43C-4269-A025-4605C76C1993}.Release|x64.ActiveCfg = Release|Any CPU
		{8CDE44B2-B43C-4269-A025-4605C76C1993}.Release|x86.ActiveCfg = Release|Any CPU
		{BC33245F-929E-4B6F-835B-AAF3109E244E}.Debug|Any CPU.ActiveCfg = Debug|Any CPU
		{BC33245F-929E-4B6F-835B-AAF3109E244E}.Debug|Any CPU.Build.0 = Debug|Any CPU
		{BC33245F-929E-4B6F-835B-AAF3109E244E}.Debug|x64.ActiveCfg = Debug|Any CPU
		{BC33245F-929E-4B6F-835B-AAF3109E244E}.Debug|x86.ActiveCfg = Debug|Any CPU
		{BC33245F-929E-4B6F-835B-AAF3109E244E}.Release|Any CPU.ActiveCfg = Release|Any CPU
		{BC33245F-929E-4B6F-835B-AAF3109E244E}.Release|Any CPU.Build.0 = Release|Any CPU
		{BC33245F-929E-4B6F-835B-AAF3109E244E}.Release|x64.ActiveCfg = Release|Any CPU
		{BC33245F-929E-4B6F-835B-AAF3109E244E}.Release|x86.ActiveCfg = Release|Any CPU
		{C04EE137-1D2E-4433-9A76-4E2716D16909}.Debug|Any CPU.ActiveCfg = Debug|Any CPU
		{C04EE137-1D2E-4433-9A76-4E2716D16909}.Debug|Any CPU.Build.0 = Debug|Any CPU
		{C04EE137-1D2E-4433-9A76-4E2716D16909}.Debug|x64.ActiveCfg = Debug|Any CPU
		{C04EE137-1D2E-4433-9A76-4E2716D16909}.Debug|x64.Build.0 = Debug|Any CPU
		{C04EE137-1D2E-4433-9A76-4E2716D16909}.Debug|x86.ActiveCfg = Debug|Any CPU
		{C04EE137-1D2E-4433-9A76-4E2716D16909}.Debug|x86.Build.0 = Debug|Any CPU
		{C04EE137-1D2E-4433-9A76-4E2716D16909}.Release|Any CPU.ActiveCfg = Release|Any CPU
		{C04EE137-1D2E-4433-9A76-4E2716D16909}.Release|Any CPU.Build.0 = Release|Any CPU
		{C04EE137-1D2E-4433-9A76-4E2716D16909}.Release|x64.ActiveCfg = Release|Any CPU
		{C04EE137-1D2E-4433-9A76-4E2716D16909}.Release|x64.Build.0 = Release|Any CPU
		{C04EE137-1D2E-4433-9A76-4E2716D16909}.Release|x86.ActiveCfg = Release|Any CPU
		{C04EE137-1D2E-4433-9A76-4E2716D16909}.Release|x86.Build.0 = Release|Any CPU
		{6F07F6B9-24F9-4F2F-AE7B-D69AFE0F626E}.Debug|Any CPU.ActiveCfg = Debug|Any CPU
		{6F07F6B9-24F9-4F2F-AE7B-D69AFE0F626E}.Debug|Any CPU.Build.0 = Debug|Any CPU
		{6F07F6B9-24F9-4F2F-AE7B-D69AFE0F626E}.Debug|x64.ActiveCfg = Debug|Any CPU
		{6F07F6B9-24F9-4F2F-AE7B-D69AFE0F626E}.Debug|x86.ActiveCfg = Debug|Any CPU
		{6F07F6B9-24F9-4F2F-AE7B-D69AFE0F626E}.Release|Any CPU.ActiveCfg = Release|Any CPU
		{6F07F6B9-24F9-4F2F-AE7B-D69AFE0F626E}.Release|Any CPU.Build.0 = Release|Any CPU
		{6F07F6B9-24F9-4F2F-AE7B-D69AFE0F626E}.Release|x64.ActiveCfg = Release|Any CPU
		{6F07F6B9-24F9-4F2F-AE7B-D69AFE0F626E}.Release|x86.ActiveCfg = Release|Any CPU
		{EE700130-F0CC-4E87-AC93-D1D93B2E8F00}.Debug|Any CPU.ActiveCfg = Debug|Any CPU
		{EE700130-F0CC-4E87-AC93-D1D93B2E8F00}.Debug|Any CPU.Build.0 = Debug|Any CPU
		{EE700130-F0CC-4E87-AC93-D1D93B2E8F00}.Debug|x64.ActiveCfg = Debug|Any CPU
		{EE700130-F0CC-4E87-AC93-D1D93B2E8F00}.Debug|x86.ActiveCfg = Debug|Any CPU
		{EE700130-F0CC-4E87-AC93-D1D93B2E8F00}.Release|Any CPU.ActiveCfg = Release|Any CPU
		{EE700130-F0CC-4E87-AC93-D1D93B2E8F00}.Release|Any CPU.Build.0 = Release|Any CPU
		{EE700130-F0CC-4E87-AC93-D1D93B2E8F00}.Release|x64.ActiveCfg = Release|Any CPU
		{EE700130-F0CC-4E87-AC93-D1D93B2E8F00}.Release|x86.ActiveCfg = Release|Any CPU
		{3662C0C9-A3AF-4B99-A349-3C4433BCD1EF}.Debug|Any CPU.ActiveCfg = Debug|Any CPU
		{3662C0C9-A3AF-4B99-A349-3C4433BCD1EF}.Debug|Any CPU.Build.0 = Debug|Any CPU
		{3662C0C9-A3AF-4B99-A349-3C4433BCD1EF}.Debug|x64.ActiveCfg = Debug|Any CPU
		{3662C0C9-A3AF-4B99-A349-3C4433BCD1EF}.Debug|x86.ActiveCfg = Debug|Any CPU
		{3662C0C9-A3AF-4B99-A349-3C4433BCD1EF}.Release|Any CPU.ActiveCfg = Release|Any CPU
		{3662C0C9-A3AF-4B99-A349-3C4433BCD1EF}.Release|Any CPU.Build.0 = Release|Any CPU
		{3662C0C9-A3AF-4B99-A349-3C4433BCD1EF}.Release|x64.ActiveCfg = Release|Any CPU
		{3662C0C9-A3AF-4B99-A349-3C4433BCD1EF}.Release|x86.ActiveCfg = Release|Any CPU
		{9308E3D8-5B37-482C-A46D-A65BDBB8F32A}.Debug|Any CPU.ActiveCfg = Debug|Any CPU
		{9308E3D8-5B37-482C-A46D-A65BDBB8F32A}.Debug|Any CPU.Build.0 = Debug|Any CPU
		{9308E3D8-5B37-482C-A46D-A65BDBB8F32A}.Debug|x64.ActiveCfg = Debug|Any CPU
		{9308E3D8-5B37-482C-A46D-A65BDBB8F32A}.Debug|x86.ActiveCfg = Debug|Any CPU
		{9308E3D8-5B37-482C-A46D-A65BDBB8F32A}.Release|Any CPU.ActiveCfg = Release|Any CPU
		{9308E3D8-5B37-482C-A46D-A65BDBB8F32A}.Release|Any CPU.Build.0 = Release|Any CPU
		{9308E3D8-5B37-482C-A46D-A65BDBB8F32A}.Release|x64.ActiveCfg = Release|Any CPU
		{9308E3D8-5B37-482C-A46D-A65BDBB8F32A}.Release|x86.ActiveCfg = Release|Any CPU
		{D5FC6DDB-EF7E-45C5-BB01-FC0ACFEBA4F4}.Debug|Any CPU.ActiveCfg = Debug|Any CPU
		{D5FC6DDB-EF7E-45C5-BB01-FC0ACFEBA4F4}.Debug|Any CPU.Build.0 = Debug|Any CPU
		{D5FC6DDB-EF7E-45C5-BB01-FC0ACFEBA4F4}.Debug|x64.ActiveCfg = Debug|Any CPU
		{D5FC6DDB-EF7E-45C5-BB01-FC0ACFEBA4F4}.Debug|x86.ActiveCfg = Debug|Any CPU
		{D5FC6DDB-EF7E-45C5-BB01-FC0ACFEBA4F4}.Release|Any CPU.ActiveCfg = Release|Any CPU
		{D5FC6DDB-EF7E-45C5-BB01-FC0ACFEBA4F4}.Release|Any CPU.Build.0 = Release|Any CPU
		{D5FC6DDB-EF7E-45C5-BB01-FC0ACFEBA4F4}.Release|x64.ActiveCfg = Release|Any CPU
		{D5FC6DDB-EF7E-45C5-BB01-FC0ACFEBA4F4}.Release|x86.ActiveCfg = Release|Any CPU
		{155F9D4C-7692-4B70-8ACF-804A2F4E7C37}.Debug|Any CPU.ActiveCfg = Debug|Any CPU
		{155F9D4C-7692-4B70-8ACF-804A2F4E7C37}.Debug|Any CPU.Build.0 = Debug|Any CPU
		{155F9D4C-7692-4B70-8ACF-804A2F4E7C37}.Debug|x64.ActiveCfg = Debug|Any CPU
		{155F9D4C-7692-4B70-8ACF-804A2F4E7C37}.Debug|x86.ActiveCfg = Debug|Any CPU
		{155F9D4C-7692-4B70-8ACF-804A2F4E7C37}.Release|Any CPU.ActiveCfg = Release|Any CPU
		{155F9D4C-7692-4B70-8ACF-804A2F4E7C37}.Release|Any CPU.Build.0 = Release|Any CPU
		{155F9D4C-7692-4B70-8ACF-804A2F4E7C37}.Release|x64.ActiveCfg = Release|Any CPU
		{155F9D4C-7692-4B70-8ACF-804A2F4E7C37}.Release|x86.ActiveCfg = Release|Any CPU
		{93621264-32D8-4658-A945-DD37B10374CE}.Debug|Any CPU.ActiveCfg = Debug|Any CPU
		{93621264-32D8-4658-A945-DD37B10374CE}.Debug|Any CPU.Build.0 = Debug|Any CPU
		{93621264-32D8-4658-A945-DD37B10374CE}.Debug|x64.ActiveCfg = Debug|Any CPU
		{93621264-32D8-4658-A945-DD37B10374CE}.Debug|x64.Build.0 = Debug|Any CPU
		{93621264-32D8-4658-A945-DD37B10374CE}.Debug|x86.ActiveCfg = Debug|Any CPU
		{93621264-32D8-4658-A945-DD37B10374CE}.Debug|x86.Build.0 = Debug|Any CPU
		{93621264-32D8-4658-A945-DD37B10374CE}.Release|Any CPU.ActiveCfg = Release|Any CPU
		{93621264-32D8-4658-A945-DD37B10374CE}.Release|Any CPU.Build.0 = Release|Any CPU
		{93621264-32D8-4658-A945-DD37B10374CE}.Release|x64.ActiveCfg = Release|Any CPU
		{93621264-32D8-4658-A945-DD37B10374CE}.Release|x64.Build.0 = Release|Any CPU
		{93621264-32D8-4658-A945-DD37B10374CE}.Release|x86.ActiveCfg = Release|Any CPU
		{93621264-32D8-4658-A945-DD37B10374CE}.Release|x86.Build.0 = Release|Any CPU
		{0FA75A5B-AB83-4FD0-B545-279774C01E87}.Debug|Any CPU.ActiveCfg = Debug|Any CPU
		{0FA75A5B-AB83-4FD0-B545-279774C01E87}.Debug|Any CPU.Build.0 = Debug|Any CPU
		{0FA75A5B-AB83-4FD0-B545-279774C01E87}.Debug|x64.ActiveCfg = Debug|Any CPU
		{0FA75A5B-AB83-4FD0-B545-279774C01E87}.Debug|x86.ActiveCfg = Debug|Any CPU
		{0FA75A5B-AB83-4FD0-B545-279774C01E87}.Release|Any CPU.ActiveCfg = Release|Any CPU
		{0FA75A5B-AB83-4FD0-B545-279774C01E87}.Release|Any CPU.Build.0 = Release|Any CPU
		{0FA75A5B-AB83-4FD0-B545-279774C01E87}.Release|x64.ActiveCfg = Release|Any CPU
		{0FA75A5B-AB83-4FD0-B545-279774C01E87}.Release|x86.ActiveCfg = Release|Any CPU
		{3870C648-4AEA-4B85-BA3F-F2F63B96136A}.Debug|Any CPU.ActiveCfg = Debug|Any CPU
		{3870C648-4AEA-4B85-BA3F-F2F63B96136A}.Debug|Any CPU.Build.0 = Debug|Any CPU
		{3870C648-4AEA-4B85-BA3F-F2F63B96136A}.Debug|x64.ActiveCfg = Debug|Any CPU
		{3870C648-4AEA-4B85-BA3F-F2F63B96136A}.Debug|x64.Build.0 = Debug|Any CPU
		{3870C648-4AEA-4B85-BA3F-F2F63B96136A}.Debug|x86.ActiveCfg = Debug|Any CPU
		{3870C648-4AEA-4B85-BA3F-F2F63B96136A}.Debug|x86.Build.0 = Debug|Any CPU
		{3870C648-4AEA-4B85-BA3F-F2F63B96136A}.Release|Any CPU.ActiveCfg = Release|Any CPU
		{3870C648-4AEA-4B85-BA3F-F2F63B96136A}.Release|Any CPU.Build.0 = Release|Any CPU
		{3870C648-4AEA-4B85-BA3F-F2F63B96136A}.Release|x64.ActiveCfg = Release|Any CPU
		{3870C648-4AEA-4B85-BA3F-F2F63B96136A}.Release|x64.Build.0 = Release|Any CPU
		{3870C648-4AEA-4B85-BA3F-F2F63B96136A}.Release|x86.ActiveCfg = Release|Any CPU
		{3870C648-4AEA-4B85-BA3F-F2F63B96136A}.Release|x86.Build.0 = Release|Any CPU
		{0D4C5D00-C144-4213-A007-4B8944113AB1}.Debug|Any CPU.ActiveCfg = Debug|Any CPU
		{0D4C5D00-C144-4213-A007-4B8944113AB1}.Debug|Any CPU.Build.0 = Debug|Any CPU
		{0D4C5D00-C144-4213-A007-4B8944113AB1}.Debug|x64.ActiveCfg = Debug|Any CPU
		{0D4C5D00-C144-4213-A007-4B8944113AB1}.Debug|x64.Build.0 = Debug|Any CPU
		{0D4C5D00-C144-4213-A007-4B8944113AB1}.Debug|x86.ActiveCfg = Debug|Any CPU
		{0D4C5D00-C144-4213-A007-4B8944113AB1}.Debug|x86.Build.0 = Debug|Any CPU
		{0D4C5D00-C144-4213-A007-4B8944113AB1}.Release|Any CPU.ActiveCfg = Release|Any CPU
		{0D4C5D00-C144-4213-A007-4B8944113AB1}.Release|Any CPU.Build.0 = Release|Any CPU
		{0D4C5D00-C144-4213-A007-4B8944113AB1}.Release|x64.ActiveCfg = Release|Any CPU
		{0D4C5D00-C144-4213-A007-4B8944113AB1}.Release|x64.Build.0 = Release|Any CPU
		{0D4C5D00-C144-4213-A007-4B8944113AB1}.Release|x86.ActiveCfg = Release|Any CPU
		{0D4C5D00-C144-4213-A007-4B8944113AB1}.Release|x86.Build.0 = Release|Any CPU
		{880B3591-E057-46FE-B525-10BD83828B93}.Debug|Any CPU.ActiveCfg = Debug|Any CPU
		{880B3591-E057-46FE-B525-10BD83828B93}.Debug|Any CPU.Build.0 = Debug|Any CPU
		{880B3591-E057-46FE-B525-10BD83828B93}.Debug|x64.ActiveCfg = Debug|Any CPU
		{880B3591-E057-46FE-B525-10BD83828B93}.Debug|x86.ActiveCfg = Debug|Any CPU
		{880B3591-E057-46FE-B525-10BD83828B93}.Release|Any CPU.ActiveCfg = Release|Any CPU
		{880B3591-E057-46FE-B525-10BD83828B93}.Release|Any CPU.Build.0 = Release|Any CPU
		{880B3591-E057-46FE-B525-10BD83828B93}.Release|x64.ActiveCfg = Release|Any CPU
		{880B3591-E057-46FE-B525-10BD83828B93}.Release|x86.ActiveCfg = Release|Any CPU
		{38E184BD-E874-4633-A947-AED4FDB73F40}.Debug|Any CPU.ActiveCfg = Debug|Any CPU
		{38E184BD-E874-4633-A947-AED4FDB73F40}.Debug|Any CPU.Build.0 = Debug|Any CPU
		{38E184BD-E874-4633-A947-AED4FDB73F40}.Debug|x64.ActiveCfg = Debug|Any CPU
		{38E184BD-E874-4633-A947-AED4FDB73F40}.Debug|x86.ActiveCfg = Debug|Any CPU
		{38E184BD-E874-4633-A947-AED4FDB73F40}.Release|Any CPU.ActiveCfg = Release|Any CPU
		{38E184BD-E874-4633-A947-AED4FDB73F40}.Release|Any CPU.Build.0 = Release|Any CPU
		{38E184BD-E874-4633-A947-AED4FDB73F40}.Release|x64.ActiveCfg = Release|Any CPU
		{38E184BD-E874-4633-A947-AED4FDB73F40}.Release|x86.ActiveCfg = Release|Any CPU
		{22CFE0D2-8DCA-42D7-AD7D-784C3862493F}.Debug|Any CPU.ActiveCfg = Debug|Any CPU
		{22CFE0D2-8DCA-42D7-AD7D-784C3862493F}.Debug|Any CPU.Build.0 = Debug|Any CPU
		{22CFE0D2-8DCA-42D7-AD7D-784C3862493F}.Debug|x64.ActiveCfg = Debug|Any CPU
		{22CFE0D2-8DCA-42D7-AD7D-784C3862493F}.Debug|x86.ActiveCfg = Debug|Any CPU
		{22CFE0D2-8DCA-42D7-AD7D-784C3862493F}.Release|Any CPU.ActiveCfg = Release|Any CPU
		{22CFE0D2-8DCA-42D7-AD7D-784C3862493F}.Release|Any CPU.Build.0 = Release|Any CPU
		{22CFE0D2-8DCA-42D7-AD7D-784C3862493F}.Release|x64.ActiveCfg = Release|Any CPU
		{22CFE0D2-8DCA-42D7-AD7D-784C3862493F}.Release|x86.ActiveCfg = Release|Any CPU
		{A2213374-BB48-48FD-BBD4-81E6A961D866}.Debug|Any CPU.ActiveCfg = Debug|Any CPU
		{A2213374-BB48-48FD-BBD4-81E6A961D866}.Debug|Any CPU.Build.0 = Debug|Any CPU
		{A2213374-BB48-48FD-BBD4-81E6A961D866}.Debug|x64.ActiveCfg = Debug|Any CPU
		{A2213374-BB48-48FD-BBD4-81E6A961D866}.Debug|x64.Build.0 = Debug|Any CPU
		{A2213374-BB48-48FD-BBD4-81E6A961D866}.Debug|x86.ActiveCfg = Debug|Any CPU
		{A2213374-BB48-48FD-BBD4-81E6A961D866}.Debug|x86.Build.0 = Debug|Any CPU
		{A2213374-BB48-48FD-BBD4-81E6A961D866}.Release|Any CPU.ActiveCfg = Release|Any CPU
		{A2213374-BB48-48FD-BBD4-81E6A961D866}.Release|Any CPU.Build.0 = Release|Any CPU
		{A2213374-BB48-48FD-BBD4-81E6A961D866}.Release|x64.ActiveCfg = Release|Any CPU
		{A2213374-BB48-48FD-BBD4-81E6A961D866}.Release|x64.Build.0 = Release|Any CPU
		{A2213374-BB48-48FD-BBD4-81E6A961D866}.Release|x86.ActiveCfg = Release|Any CPU
		{A2213374-BB48-48FD-BBD4-81E6A961D866}.Release|x86.Build.0 = Release|Any CPU
		{E0580562-F8F2-4EBB-B07A-ABFC6F2C314F}.Debug|Any CPU.ActiveCfg = Debug|Any CPU
		{E0580562-F8F2-4EBB-B07A-ABFC6F2C314F}.Debug|Any CPU.Build.0 = Debug|Any CPU
		{E0580562-F8F2-4EBB-B07A-ABFC6F2C314F}.Debug|x64.ActiveCfg = Debug|Any CPU
		{E0580562-F8F2-4EBB-B07A-ABFC6F2C314F}.Debug|x64.Build.0 = Debug|Any CPU
		{E0580562-F8F2-4EBB-B07A-ABFC6F2C314F}.Debug|x86.ActiveCfg = Debug|Any CPU
		{E0580562-F8F2-4EBB-B07A-ABFC6F2C314F}.Debug|x86.Build.0 = Debug|Any CPU
		{E0580562-F8F2-4EBB-B07A-ABFC6F2C314F}.Release|Any CPU.ActiveCfg = Release|Any CPU
		{E0580562-F8F2-4EBB-B07A-ABFC6F2C314F}.Release|Any CPU.Build.0 = Release|Any CPU
		{E0580562-F8F2-4EBB-B07A-ABFC6F2C314F}.Release|x64.ActiveCfg = Release|Any CPU
		{E0580562-F8F2-4EBB-B07A-ABFC6F2C314F}.Release|x64.Build.0 = Release|Any CPU
		{E0580562-F8F2-4EBB-B07A-ABFC6F2C314F}.Release|x86.ActiveCfg = Release|Any CPU
		{E0580562-F8F2-4EBB-B07A-ABFC6F2C314F}.Release|x86.Build.0 = Release|Any CPU
		{993F1A2D-F81C-49FE-9313-81A9F4E18F75}.Debug|Any CPU.ActiveCfg = Debug|Any CPU
		{993F1A2D-F81C-49FE-9313-81A9F4E18F75}.Debug|Any CPU.Build.0 = Debug|Any CPU
		{993F1A2D-F81C-49FE-9313-81A9F4E18F75}.Debug|x64.ActiveCfg = Debug|Any CPU
		{993F1A2D-F81C-49FE-9313-81A9F4E18F75}.Debug|x64.Build.0 = Debug|Any CPU
		{993F1A2D-F81C-49FE-9313-81A9F4E18F75}.Debug|x86.ActiveCfg = Debug|Any CPU
		{993F1A2D-F81C-49FE-9313-81A9F4E18F75}.Debug|x86.Build.0 = Debug|Any CPU
		{993F1A2D-F81C-49FE-9313-81A9F4E18F75}.Release|Any CPU.ActiveCfg = Release|Any CPU
		{993F1A2D-F81C-49FE-9313-81A9F4E18F75}.Release|Any CPU.Build.0 = Release|Any CPU
		{993F1A2D-F81C-49FE-9313-81A9F4E18F75}.Release|x64.ActiveCfg = Release|Any CPU
		{993F1A2D-F81C-49FE-9313-81A9F4E18F75}.Release|x64.Build.0 = Release|Any CPU
		{993F1A2D-F81C-49FE-9313-81A9F4E18F75}.Release|x86.ActiveCfg = Release|Any CPU
		{993F1A2D-F81C-49FE-9313-81A9F4E18F75}.Release|x86.Build.0 = Release|Any CPU
		{B3A9F8FF-F196-4B67-836C-940C39C535DC}.Debug|Any CPU.ActiveCfg = Debug|Any CPU
		{B3A9F8FF-F196-4B67-836C-940C39C535DC}.Debug|Any CPU.Build.0 = Debug|Any CPU
		{B3A9F8FF-F196-4B67-836C-940C39C535DC}.Debug|x64.ActiveCfg = Debug|Any CPU
		{B3A9F8FF-F196-4B67-836C-940C39C535DC}.Debug|x64.Build.0 = Debug|Any CPU
		{B3A9F8FF-F196-4B67-836C-940C39C535DC}.Debug|x86.ActiveCfg = Debug|Any CPU
		{B3A9F8FF-F196-4B67-836C-940C39C535DC}.Debug|x86.Build.0 = Debug|Any CPU
		{B3A9F8FF-F196-4B67-836C-940C39C535DC}.Release|Any CPU.ActiveCfg = Release|Any CPU
		{B3A9F8FF-F196-4B67-836C-940C39C535DC}.Release|Any CPU.Build.0 = Release|Any CPU
		{B3A9F8FF-F196-4B67-836C-940C39C535DC}.Release|x64.ActiveCfg = Release|Any CPU
		{B3A9F8FF-F196-4B67-836C-940C39C535DC}.Release|x64.Build.0 = Release|Any CPU
		{B3A9F8FF-F196-4B67-836C-940C39C535DC}.Release|x86.ActiveCfg = Release|Any CPU
		{B3A9F8FF-F196-4B67-836C-940C39C535DC}.Release|x86.Build.0 = Release|Any CPU
		{A98CD250-A664-4FE0-9EFB-7BCE00A35E6D}.Debug|Any CPU.ActiveCfg = Debug|Any CPU
		{A98CD250-A664-4FE0-9EFB-7BCE00A35E6D}.Debug|Any CPU.Build.0 = Debug|Any CPU
		{A98CD250-A664-4FE0-9EFB-7BCE00A35E6D}.Debug|x64.ActiveCfg = Debug|Any CPU
		{A98CD250-A664-4FE0-9EFB-7BCE00A35E6D}.Debug|x64.Build.0 = Debug|Any CPU
		{A98CD250-A664-4FE0-9EFB-7BCE00A35E6D}.Debug|x86.ActiveCfg = Debug|Any CPU
		{A98CD250-A664-4FE0-9EFB-7BCE00A35E6D}.Debug|x86.Build.0 = Debug|Any CPU
		{A98CD250-A664-4FE0-9EFB-7BCE00A35E6D}.Release|Any CPU.ActiveCfg = Release|Any CPU
		{A98CD250-A664-4FE0-9EFB-7BCE00A35E6D}.Release|Any CPU.Build.0 = Release|Any CPU
		{A98CD250-A664-4FE0-9EFB-7BCE00A35E6D}.Release|x64.ActiveCfg = Release|Any CPU
		{A98CD250-A664-4FE0-9EFB-7BCE00A35E6D}.Release|x64.Build.0 = Release|Any CPU
		{A98CD250-A664-4FE0-9EFB-7BCE00A35E6D}.Release|x86.ActiveCfg = Release|Any CPU
		{A98CD250-A664-4FE0-9EFB-7BCE00A35E6D}.Release|x86.Build.0 = Release|Any CPU
		{D8173234-2115-4B6C-8895-469750F6E090}.Debug|Any CPU.ActiveCfg = Debug|Any CPU
		{D8173234-2115-4B6C-8895-469750F6E090}.Debug|Any CPU.Build.0 = Debug|Any CPU
		{D8173234-2115-4B6C-8895-469750F6E090}.Debug|x64.ActiveCfg = Debug|Any CPU
		{D8173234-2115-4B6C-8895-469750F6E090}.Debug|x64.Build.0 = Debug|Any CPU
		{D8173234-2115-4B6C-8895-469750F6E090}.Debug|x86.ActiveCfg = Debug|Any CPU
		{D8173234-2115-4B6C-8895-469750F6E090}.Debug|x86.Build.0 = Debug|Any CPU
		{D8173234-2115-4B6C-8895-469750F6E090}.Release|Any CPU.ActiveCfg = Release|Any CPU
		{D8173234-2115-4B6C-8895-469750F6E090}.Release|Any CPU.Build.0 = Release|Any CPU
		{D8173234-2115-4B6C-8895-469750F6E090}.Release|x64.ActiveCfg = Release|Any CPU
		{D8173234-2115-4B6C-8895-469750F6E090}.Release|x64.Build.0 = Release|Any CPU
		{D8173234-2115-4B6C-8895-469750F6E090}.Release|x86.ActiveCfg = Release|Any CPU
		{D8173234-2115-4B6C-8895-469750F6E090}.Release|x86.Build.0 = Release|Any CPU
		{DA0165A6-A69B-4884-A60A-51C2B5F1653D}.Debug|Any CPU.ActiveCfg = Debug|Any CPU
		{DA0165A6-A69B-4884-A60A-51C2B5F1653D}.Debug|Any CPU.Build.0 = Debug|Any CPU
		{DA0165A6-A69B-4884-A60A-51C2B5F1653D}.Debug|x64.ActiveCfg = Debug|Any CPU
		{DA0165A6-A69B-4884-A60A-51C2B5F1653D}.Debug|x64.Build.0 = Debug|Any CPU
		{DA0165A6-A69B-4884-A60A-51C2B5F1653D}.Debug|x86.ActiveCfg = Debug|Any CPU
		{DA0165A6-A69B-4884-A60A-51C2B5F1653D}.Debug|x86.Build.0 = Debug|Any CPU
		{DA0165A6-A69B-4884-A60A-51C2B5F1653D}.Release|Any CPU.ActiveCfg = Release|Any CPU
		{DA0165A6-A69B-4884-A60A-51C2B5F1653D}.Release|Any CPU.Build.0 = Release|Any CPU
		{DA0165A6-A69B-4884-A60A-51C2B5F1653D}.Release|x64.ActiveCfg = Release|Any CPU
		{DA0165A6-A69B-4884-A60A-51C2B5F1653D}.Release|x64.Build.0 = Release|Any CPU
		{DA0165A6-A69B-4884-A60A-51C2B5F1653D}.Release|x86.ActiveCfg = Release|Any CPU
		{DA0165A6-A69B-4884-A60A-51C2B5F1653D}.Release|x86.Build.0 = Release|Any CPU
		{9AA4567E-2FDB-47D0-93CD-BBD23D153EDA}.Debug|Any CPU.ActiveCfg = Debug|Any CPU
		{9AA4567E-2FDB-47D0-93CD-BBD23D153EDA}.Debug|Any CPU.Build.0 = Debug|Any CPU
		{9AA4567E-2FDB-47D0-93CD-BBD23D153EDA}.Debug|x64.ActiveCfg = Debug|Any CPU
		{9AA4567E-2FDB-47D0-93CD-BBD23D153EDA}.Debug|x64.Build.0 = Debug|Any CPU
		{9AA4567E-2FDB-47D0-93CD-BBD23D153EDA}.Debug|x86.ActiveCfg = Debug|Any CPU
		{9AA4567E-2FDB-47D0-93CD-BBD23D153EDA}.Debug|x86.Build.0 = Debug|Any CPU
		{9AA4567E-2FDB-47D0-93CD-BBD23D153EDA}.Release|Any CPU.ActiveCfg = Release|Any CPU
		{9AA4567E-2FDB-47D0-93CD-BBD23D153EDA}.Release|Any CPU.Build.0 = Release|Any CPU
		{9AA4567E-2FDB-47D0-93CD-BBD23D153EDA}.Release|x64.ActiveCfg = Release|Any CPU
		{9AA4567E-2FDB-47D0-93CD-BBD23D153EDA}.Release|x64.Build.0 = Release|Any CPU
		{9AA4567E-2FDB-47D0-93CD-BBD23D153EDA}.Release|x86.ActiveCfg = Release|Any CPU
		{9AA4567E-2FDB-47D0-93CD-BBD23D153EDA}.Release|x86.Build.0 = Release|Any CPU
		{0D4ED22E-8951-47F7-A873-8AED42DA2127}.Debug|Any CPU.ActiveCfg = Debug|Any CPU
		{0D4ED22E-8951-47F7-A873-8AED42DA2127}.Debug|Any CPU.Build.0 = Debug|Any CPU
		{0D4ED22E-8951-47F7-A873-8AED42DA2127}.Debug|x64.ActiveCfg = Debug|Any CPU
		{0D4ED22E-8951-47F7-A873-8AED42DA2127}.Debug|x64.Build.0 = Debug|Any CPU
		{0D4ED22E-8951-47F7-A873-8AED42DA2127}.Debug|x86.ActiveCfg = Debug|Any CPU
		{0D4ED22E-8951-47F7-A873-8AED42DA2127}.Debug|x86.Build.0 = Debug|Any CPU
		{0D4ED22E-8951-47F7-A873-8AED42DA2127}.Release|Any CPU.ActiveCfg = Release|Any CPU
		{0D4ED22E-8951-47F7-A873-8AED42DA2127}.Release|Any CPU.Build.0 = Release|Any CPU
		{0D4ED22E-8951-47F7-A873-8AED42DA2127}.Release|x64.ActiveCfg = Release|Any CPU
		{0D4ED22E-8951-47F7-A873-8AED42DA2127}.Release|x64.Build.0 = Release|Any CPU
		{0D4ED22E-8951-47F7-A873-8AED42DA2127}.Release|x86.ActiveCfg = Release|Any CPU
		{0D4ED22E-8951-47F7-A873-8AED42DA2127}.Release|x86.Build.0 = Release|Any CPU
		{AC57DE02-DA0D-4E87-8CE9-DF53387CF9DA}.Debug|Any CPU.ActiveCfg = Debug|Any CPU
		{AC57DE02-DA0D-4E87-8CE9-DF53387CF9DA}.Debug|Any CPU.Build.0 = Debug|Any CPU
		{AC57DE02-DA0D-4E87-8CE9-DF53387CF9DA}.Debug|x64.ActiveCfg = Debug|Any CPU
		{AC57DE02-DA0D-4E87-8CE9-DF53387CF9DA}.Debug|x64.Build.0 = Debug|Any CPU
		{AC57DE02-DA0D-4E87-8CE9-DF53387CF9DA}.Debug|x86.ActiveCfg = Debug|Any CPU
		{AC57DE02-DA0D-4E87-8CE9-DF53387CF9DA}.Debug|x86.Build.0 = Debug|Any CPU
		{AC57DE02-DA0D-4E87-8CE9-DF53387CF9DA}.Release|Any CPU.ActiveCfg = Release|Any CPU
		{AC57DE02-DA0D-4E87-8CE9-DF53387CF9DA}.Release|Any CPU.Build.0 = Release|Any CPU
		{AC57DE02-DA0D-4E87-8CE9-DF53387CF9DA}.Release|x64.ActiveCfg = Release|Any CPU
		{AC57DE02-DA0D-4E87-8CE9-DF53387CF9DA}.Release|x64.Build.0 = Release|Any CPU
		{AC57DE02-DA0D-4E87-8CE9-DF53387CF9DA}.Release|x86.ActiveCfg = Release|Any CPU
		{AC57DE02-DA0D-4E87-8CE9-DF53387CF9DA}.Release|x86.Build.0 = Release|Any CPU
		{021CDAF1-1CF5-46A9-A195-BB383300C1CF}.Debug|Any CPU.ActiveCfg = Debug|Any CPU
		{021CDAF1-1CF5-46A9-A195-BB383300C1CF}.Debug|Any CPU.Build.0 = Debug|Any CPU
		{021CDAF1-1CF5-46A9-A195-BB383300C1CF}.Debug|x64.ActiveCfg = Debug|Any CPU
		{021CDAF1-1CF5-46A9-A195-BB383300C1CF}.Debug|x64.Build.0 = Debug|Any CPU
		{021CDAF1-1CF5-46A9-A195-BB383300C1CF}.Debug|x86.ActiveCfg = Debug|Any CPU
		{021CDAF1-1CF5-46A9-A195-BB383300C1CF}.Debug|x86.Build.0 = Debug|Any CPU
		{021CDAF1-1CF5-46A9-A195-BB383300C1CF}.Release|Any CPU.ActiveCfg = Release|Any CPU
		{021CDAF1-1CF5-46A9-A195-BB383300C1CF}.Release|Any CPU.Build.0 = Release|Any CPU
		{021CDAF1-1CF5-46A9-A195-BB383300C1CF}.Release|x64.ActiveCfg = Release|Any CPU
		{021CDAF1-1CF5-46A9-A195-BB383300C1CF}.Release|x64.Build.0 = Release|Any CPU
		{021CDAF1-1CF5-46A9-A195-BB383300C1CF}.Release|x86.ActiveCfg = Release|Any CPU
		{021CDAF1-1CF5-46A9-A195-BB383300C1CF}.Release|x86.Build.0 = Release|Any CPU
		{57F7AF71-3BE0-4E82-AA7C-9D5659D01967}.Debug|Any CPU.ActiveCfg = Debug|Any CPU
		{57F7AF71-3BE0-4E82-AA7C-9D5659D01967}.Debug|Any CPU.Build.0 = Debug|Any CPU
		{57F7AF71-3BE0-4E82-AA7C-9D5659D01967}.Debug|x64.ActiveCfg = Debug|Any CPU
		{57F7AF71-3BE0-4E82-AA7C-9D5659D01967}.Debug|x64.Build.0 = Debug|Any CPU
		{57F7AF71-3BE0-4E82-AA7C-9D5659D01967}.Debug|x86.ActiveCfg = Debug|Any CPU
		{57F7AF71-3BE0-4E82-AA7C-9D5659D01967}.Debug|x86.Build.0 = Debug|Any CPU
		{57F7AF71-3BE0-4E82-AA7C-9D5659D01967}.Release|Any CPU.ActiveCfg = Release|Any CPU
		{57F7AF71-3BE0-4E82-AA7C-9D5659D01967}.Release|Any CPU.Build.0 = Release|Any CPU
		{57F7AF71-3BE0-4E82-AA7C-9D5659D01967}.Release|x64.ActiveCfg = Release|Any CPU
		{57F7AF71-3BE0-4E82-AA7C-9D5659D01967}.Release|x64.Build.0 = Release|Any CPU
		{57F7AF71-3BE0-4E82-AA7C-9D5659D01967}.Release|x86.ActiveCfg = Release|Any CPU
		{57F7AF71-3BE0-4E82-AA7C-9D5659D01967}.Release|x86.Build.0 = Release|Any CPU
		{AF0E762F-A964-46EC-BE27-01FF39F76106}.Debug|Any CPU.ActiveCfg = Debug|Any CPU
		{AF0E762F-A964-46EC-BE27-01FF39F76106}.Debug|Any CPU.Build.0 = Debug|Any CPU
		{AF0E762F-A964-46EC-BE27-01FF39F76106}.Debug|x64.ActiveCfg = Debug|Any CPU
		{AF0E762F-A964-46EC-BE27-01FF39F76106}.Debug|x64.Build.0 = Debug|Any CPU
		{AF0E762F-A964-46EC-BE27-01FF39F76106}.Debug|x86.ActiveCfg = Debug|Any CPU
		{AF0E762F-A964-46EC-BE27-01FF39F76106}.Debug|x86.Build.0 = Debug|Any CPU
		{AF0E762F-A964-46EC-BE27-01FF39F76106}.Release|Any CPU.ActiveCfg = Release|Any CPU
		{AF0E762F-A964-46EC-BE27-01FF39F76106}.Release|Any CPU.Build.0 = Release|Any CPU
		{AF0E762F-A964-46EC-BE27-01FF39F76106}.Release|x64.ActiveCfg = Release|Any CPU
		{AF0E762F-A964-46EC-BE27-01FF39F76106}.Release|x64.Build.0 = Release|Any CPU
		{AF0E762F-A964-46EC-BE27-01FF39F76106}.Release|x86.ActiveCfg = Release|Any CPU
		{AF0E762F-A964-46EC-BE27-01FF39F76106}.Release|x86.Build.0 = Release|Any CPU
		{7B5BA81E-3480-4483-886F-4367B06DA6AF}.Debug|Any CPU.ActiveCfg = Debug|Any CPU
		{7B5BA81E-3480-4483-886F-4367B06DA6AF}.Debug|Any CPU.Build.0 = Debug|Any CPU
		{7B5BA81E-3480-4483-886F-4367B06DA6AF}.Debug|x64.ActiveCfg = Debug|Any CPU
		{7B5BA81E-3480-4483-886F-4367B06DA6AF}.Debug|x64.Build.0 = Debug|Any CPU
		{7B5BA81E-3480-4483-886F-4367B06DA6AF}.Debug|x86.ActiveCfg = Debug|Any CPU
		{7B5BA81E-3480-4483-886F-4367B06DA6AF}.Debug|x86.Build.0 = Debug|Any CPU
		{7B5BA81E-3480-4483-886F-4367B06DA6AF}.Release|Any CPU.ActiveCfg = Release|Any CPU
		{7B5BA81E-3480-4483-886F-4367B06DA6AF}.Release|Any CPU.Build.0 = Release|Any CPU
		{7B5BA81E-3480-4483-886F-4367B06DA6AF}.Release|x64.ActiveCfg = Release|Any CPU
		{7B5BA81E-3480-4483-886F-4367B06DA6AF}.Release|x64.Build.0 = Release|Any CPU
		{7B5BA81E-3480-4483-886F-4367B06DA6AF}.Release|x86.ActiveCfg = Release|Any CPU
		{7B5BA81E-3480-4483-886F-4367B06DA6AF}.Release|x86.Build.0 = Release|Any CPU
		{58DF67EB-F979-4C3E-B944-40D3BA6D04AB}.Debug|Any CPU.ActiveCfg = Debug|Any CPU
		{58DF67EB-F979-4C3E-B944-40D3BA6D04AB}.Debug|Any CPU.Build.0 = Debug|Any CPU
		{58DF67EB-F979-4C3E-B944-40D3BA6D04AB}.Debug|x64.ActiveCfg = Debug|Any CPU
		{58DF67EB-F979-4C3E-B944-40D3BA6D04AB}.Debug|x64.Build.0 = Debug|Any CPU
		{58DF67EB-F979-4C3E-B944-40D3BA6D04AB}.Debug|x86.ActiveCfg = Debug|Any CPU
		{58DF67EB-F979-4C3E-B944-40D3BA6D04AB}.Debug|x86.Build.0 = Debug|Any CPU
		{58DF67EB-F979-4C3E-B944-40D3BA6D04AB}.Release|Any CPU.ActiveCfg = Release|Any CPU
		{58DF67EB-F979-4C3E-B944-40D3BA6D04AB}.Release|Any CPU.Build.0 = Release|Any CPU
		{58DF67EB-F979-4C3E-B944-40D3BA6D04AB}.Release|x64.ActiveCfg = Release|Any CPU
		{58DF67EB-F979-4C3E-B944-40D3BA6D04AB}.Release|x64.Build.0 = Release|Any CPU
		{58DF67EB-F979-4C3E-B944-40D3BA6D04AB}.Release|x86.ActiveCfg = Release|Any CPU
		{58DF67EB-F979-4C3E-B944-40D3BA6D04AB}.Release|x86.Build.0 = Release|Any CPU
		{5E0F44A1-F0FF-40BA-BD5E-AAA5E09DA09D}.Debug|Any CPU.ActiveCfg = Debug|Any CPU
		{5E0F44A1-F0FF-40BA-BD5E-AAA5E09DA09D}.Debug|Any CPU.Build.0 = Debug|Any CPU
		{5E0F44A1-F0FF-40BA-BD5E-AAA5E09DA09D}.Debug|x64.ActiveCfg = Debug|Any CPU
		{5E0F44A1-F0FF-40BA-BD5E-AAA5E09DA09D}.Debug|x64.Build.0 = Debug|Any CPU
		{5E0F44A1-F0FF-40BA-BD5E-AAA5E09DA09D}.Debug|x86.ActiveCfg = Debug|Any CPU
		{5E0F44A1-F0FF-40BA-BD5E-AAA5E09DA09D}.Debug|x86.Build.0 = Debug|Any CPU
		{5E0F44A1-F0FF-40BA-BD5E-AAA5E09DA09D}.Release|Any CPU.ActiveCfg = Release|Any CPU
		{5E0F44A1-F0FF-40BA-BD5E-AAA5E09DA09D}.Release|Any CPU.Build.0 = Release|Any CPU
		{5E0F44A1-F0FF-40BA-BD5E-AAA5E09DA09D}.Release|x64.ActiveCfg = Release|Any CPU
		{5E0F44A1-F0FF-40BA-BD5E-AAA5E09DA09D}.Release|x64.Build.0 = Release|Any CPU
		{5E0F44A1-F0FF-40BA-BD5E-AAA5E09DA09D}.Release|x86.ActiveCfg = Release|Any CPU
		{5E0F44A1-F0FF-40BA-BD5E-AAA5E09DA09D}.Release|x86.Build.0 = Release|Any CPU
	EndGlobalSection
	GlobalSection(SolutionProperties) = preSolution
		HideSolutionNode = FALSE
	EndGlobalSection
	GlobalSection(NestedProjects) = preSolution
		{1FF6413F-4AD4-43E5-B083-9854B47AB71B} = {E42844FB-EA8B-4CE5-8ED4-6C61AFF17F4D}
		{CF88C3A8-2238-47DE-87EE-E0E0C22A6E15} = {E42844FB-EA8B-4CE5-8ED4-6C61AFF17F4D}
		{D05D5E63-ED98-4033-B2E8-EA6958B2EB99} = {E42844FB-EA8B-4CE5-8ED4-6C61AFF17F4D}
		{27C8B1CA-BD04-4579-B35B-CF6AC6DC1E97} = {F157CCCB-09E0-4A52-8B35-40FC9BB72F1C}
		{18422135-F341-4364-8E4E-174EFD034886} = {F157CCCB-09E0-4A52-8B35-40FC9BB72F1C}
		{FCA16E28-7F95-433F-942B-A66442206FAD} = {F157CCCB-09E0-4A52-8B35-40FC9BB72F1C}
		{02930FAC-D6E3-4C90-AD85-9E80275647DE} = {89EAAEEB-88B2-4C43-8687-9C226D3864E2}
		{A001E0E9-123E-4FAF-8EE0-8AA3CB42F6CE} = {89EAAEEB-88B2-4C43-8687-9C226D3864E2}
		{8CDE44B2-B43C-4269-A025-4605C76C1993} = {89EAAEEB-88B2-4C43-8687-9C226D3864E2}
		{BC33245F-929E-4B6F-835B-AAF3109E244E} = {89EAAEEB-88B2-4C43-8687-9C226D3864E2}
		{C04EE137-1D2E-4433-9A76-4E2716D16909} = {89EAAEEB-88B2-4C43-8687-9C226D3864E2}
		{6F07F6B9-24F9-4F2F-AE7B-D69AFE0F626E} = {6165207A-ADED-4926-9875-1F2767C83CA1}
		{EE700130-F0CC-4E87-AC93-D1D93B2E8F00} = {6165207A-ADED-4926-9875-1F2767C83CA1}
		{3662C0C9-A3AF-4B99-A349-3C4433BCD1EF} = {6165207A-ADED-4926-9875-1F2767C83CA1}
		{9308E3D8-5B37-482C-A46D-A65BDBB8F32A} = {0FD2EF4B-D69C-4B3F-A406-B448F3261EE8}
		{D5FC6DDB-EF7E-45C5-BB01-FC0ACFEBA4F4} = {6165207A-ADED-4926-9875-1F2767C83CA1}
		{155F9D4C-7692-4B70-8ACF-804A2F4E7C37} = {6165207A-ADED-4926-9875-1F2767C83CA1}
		{93621264-32D8-4658-A945-DD37B10374CE} = {59B9A3A0-E1D0-4E4F-B603-08D10188F961}
		{B6F80A3A-7730-4A3D-9195-8FBEBDE7E00D} = {3DBB7057-9E65-4E6A-8701-D0AB141FA7EF}
		{1C9B1099-3099-4A93-A2CF-5D4AECF42D75} = {3DBB7057-9E65-4E6A-8701-D0AB141FA7EF}
		{AFAA0841-BD93-466F-B8F4-FB4EEC86F1FC} = {1C9B1099-3099-4A93-A2CF-5D4AECF42D75}
		{F10AA149-2626-486E-85BB-9CD5365F3016} = {1C9B1099-3099-4A93-A2CF-5D4AECF42D75}
		{0FA75A5B-AB83-4FD0-B545-279774C01E87} = {AFAA0841-BD93-466F-B8F4-FB4EEC86F1FC}
		{3870C648-4AEA-4B85-BA3F-F2F63B96136A} = {AFAA0841-BD93-466F-B8F4-FB4EEC86F1FC}
		{0D4C5D00-C144-4213-A007-4B8944113AB1} = {F10AA149-2626-486E-85BB-9CD5365F3016}
		{880B3591-E057-46FE-B525-10BD83828B93} = {AFAA0841-BD93-466F-B8F4-FB4EEC86F1FC}
		{38E184BD-E874-4633-A947-AED4FDB73F40} = {AFAA0841-BD93-466F-B8F4-FB4EEC86F1FC}
		{22CFE0D2-8DCA-42D7-AD7D-784C3862493F} = {AFAA0841-BD93-466F-B8F4-FB4EEC86F1FC}
		{A2213374-BB48-48FD-BBD4-81E6A961D866} = {AFAA0841-BD93-466F-B8F4-FB4EEC86F1FC}
		{E0580562-F8F2-4EBB-B07A-ABFC6F2C314F} = {AFAA0841-BD93-466F-B8F4-FB4EEC86F1FC}
		{10CCA3BB-661F-4EF1-A405-C2CAF9E601A1} = {3DBB7057-9E65-4E6A-8701-D0AB141FA7EF}
		{993F1A2D-F81C-49FE-9313-81A9F4E18F75} = {10CCA3BB-661F-4EF1-A405-C2CAF9E601A1}
		{B3A9F8FF-F196-4B67-836C-940C39C535DC} = {10CCA3BB-661F-4EF1-A405-C2CAF9E601A1}
		{9A95509A-587E-45A9-B51F-4642107EB7CF} = {59B9A3A0-E1D0-4E4F-B603-08D10188F961}
		{A98CD250-A664-4FE0-9EFB-7BCE00A35E6D} = {9A95509A-587E-45A9-B51F-4642107EB7CF}
		{C00BAB00-8B71-4F5A-BEBF-77DD001E79E6} = {59B9A3A0-E1D0-4E4F-B603-08D10188F961}
		{D8173234-2115-4B6C-8895-469750F6E090} = {C00BAB00-8B71-4F5A-BEBF-77DD001E79E6}
		{DA0165A6-A69B-4884-A60A-51C2B5F1653D} = {9A95509A-587E-45A9-B51F-4642107EB7CF}
		{9AA4567E-2FDB-47D0-93CD-BBD23D153EDA} = {46546242-F220-45C7-847B-866D5041B520}
		{0D4ED22E-8951-47F7-A873-8AED42DA2127} = {46546242-F220-45C7-847B-866D5041B520}
		{AC57DE02-DA0D-4E87-8CE9-DF53387CF9DA} = {46546242-F220-45C7-847B-866D5041B520}
		{EC4DA10F-4222-40AC-A35E-17097FFAC678} = {59B9A3A0-E1D0-4E4F-B603-08D10188F961}
		{B21CE9CB-762B-4843-A6BE-7DBC24E0B695} = {EC4DA10F-4222-40AC-A35E-17097FFAC678}
		{021CDAF1-1CF5-46A9-A195-BB383300C1CF} = {B21CE9CB-762B-4843-A6BE-7DBC24E0B695}
		{57F7AF71-3BE0-4E82-AA7C-9D5659D01967} = {B21CE9CB-762B-4843-A6BE-7DBC24E0B695}
		{AF0E762F-A964-46EC-BE27-01FF39F76106} = {B21CE9CB-762B-4843-A6BE-7DBC24E0B695}
		{20FDC8F4-995E-4F10-811A-0B5C28B48411} = {EC4DA10F-4222-40AC-A35E-17097FFAC678}
		{7B5BA81E-3480-4483-886F-4367B06DA6AF} = {20FDC8F4-995E-4F10-811A-0B5C28B48411}
		{58DF67EB-F979-4C3E-B944-40D3BA6D04AB} = {20FDC8F4-995E-4F10-811A-0B5C28B48411}
		{5E0F44A1-F0FF-40BA-BD5E-AAA5E09DA09D} = {20FDC8F4-995E-4F10-811A-0B5C28B48411}
	EndGlobalSection
	GlobalSection(ExtensibilityGlobals) = postSolution
		SolutionGuid = {64CC3EF3-F873-4B93-A526-F8D4E1AAFF6D}
	EndGlobalSection
EndGlobal
